
Microsoft Visual Studio Solution File, Format Version 12.00
Project("{FAE04EC0-301F-11D3-BF4B-00C04F79EFBC}") = "ZEngine.Core", "ZEngine.Core\ZEngine.Core.csproj", "{23AB8A76-A0D3-4B4D-BA58-85BD8FBCE9CA}"
EndProject
Project("{2150E333-8FDC-42A3-9474-1A3956D46DE8}") = "Tests", "Tests", "{00CD3291-21D9-453B-8EE6-4E9200364EA8}"
EndProject
Project("{FAE04EC0-301F-11D3-BF4B-00C04F79EFBC}") = "ZEngine.Core.Tests", "ZEngine.Core.Tests\ZEngine.Core.Tests.csproj", "{E99ECCAC-7F45-4F9C-86F2-BEEE04333B9B}"
EndProject
Project("{FAE04EC0-301F-11D3-BF4B-00C04F79EFBC}") = "ZEngine.UnitTesting", "ZEngine.UnitTesting\ZEngine.UnitTesting.csproj", "{513C3E99-D8B4-43BD-8A03-614EAC5F4B81}"
EndProject
Project("{FAE04EC0-301F-11D3-BF4B-00C04F79EFBC}") = "Noho.Parsing", "Noho.Parsing\Noho.Parsing.csproj", "{AB61EC1D-17DF-4BCE-8525-2CA70421BF8C}"
EndProject
Project("{FAE04EC0-301F-11D3-BF4B-00C04F79EFBC}") = "Noho.Parsing.Tests", "Noho.Parsing.Tests\Noho.Parsing.Tests.csproj", "{E6B54092-FF56-461C-B661-61FE7FD8757C}"
EndProject
Project("{FAE04EC0-301F-11D3-BF4B-00C04F79EFBC}") = "Noho.Configs", "Noho.Configs\Noho.Configs.csproj", "{120905CC-5046-48EB-97DA-B9557094199C}"
EndProject
Project("{FAE04EC0-301F-11D3-BF4B-00C04F79EFBC}") = "Noho.Configs.Tests", "Noho.Configs.Tests\Noho.Configs.Tests.csproj", "{BA90B53B-C9A4-4C47-A6F3-FF16C701F50E}"
EndProject
Project("{FAE04EC0-301F-11D3-BF4B-00C04F79EFBC}") = "TestProject1", "TestProject1\TestProject1.csproj", "{BEAC6DED-83A6-44E6-8206-DE5616D6E97D}"
EndProject
Project("{FAE04EC0-301F-11D3-BF4B-00C04F79EFBC}") = "TestLib", "TestLib\TestLib.csproj", "{6AD0AD0F-881E-4405-ADF6-E8DD170AFBDF}"
EndProject
Project("{FAE04EC0-301F-11D3-BF4B-00C04F79EFBC}") = "ZEngine.Google", "ZEngine.Google\ZEngine.Google.csproj", "{12BD385F-AEF6-4545-B0E5-27F7F9CD6819}"
EndProject
Project("{FAE04EC0-301F-11D3-BF4B-00C04F79EFBC}") = "ZEngine.Google.Tests", "ZEngine.Google.Tests\ZEngine.Google.Tests.csproj", "{AE40D48B-9DDE-49DA-9E99-DA98236F353B}"
EndProject
Project("{2150E333-8FDC-42A3-9474-1A3956D46DE8}") = "Ref", "Ref", "{560F5E8F-B86A-492A-94EE-7D137C13B2C6}"
EndProject
Project("{FAE04EC0-301F-11D3-BF4B-00C04F79EFBC}") = "Google.Apis.Drive.v3", "..\google-api-dotnet-client\Src\Generated\Google.Apis.Drive.v3\Google.Apis.Drive.v3.csproj", "{FEBB75A9-7D8F-46C2-A2F1-5BF2433A9A9B}"
EndProject
Project("{FAE04EC0-301F-11D3-BF4B-00C04F79EFBC}") = "ZEngine.Twitter", "ZEngine.Twitter\ZEngine.Twitter.csproj", "{B6E7C9A2-33F6-4B83-80FD-D9805D1E33D4}"
EndProject
Project("{FAE04EC0-301F-11D3-BF4B-00C04F79EFBC}") = "ZEngine.Twitter.Tests", "ZEngine.Twitter.Tests\ZEngine.Twitter.Tests.csproj", "{177E7A3C-7348-4EE1-9941-F81DE9ADA5B7}"
EndProject
Global
	GlobalSection(SolutionConfigurationPlatforms) = preSolution
		Debug|Any CPU = Debug|Any CPU
		Release|Any CPU = Release|Any CPU
	EndGlobalSection
	GlobalSection(ProjectConfigurationPlatforms) = postSolution
		{23AB8A76-A0D3-4B4D-BA58-85BD8FBCE9CA}.Debug|Any CPU.ActiveCfg = Debug|Any CPU
		{23AB8A76-A0D3-4B4D-BA58-85BD8FBCE9CA}.Debug|Any CPU.Build.0 = Debug|Any CPU
		{23AB8A76-A0D3-4B4D-BA58-85BD8FBCE9CA}.Release|Any CPU.ActiveCfg = Release|Any CPU
		{23AB8A76-A0D3-4B4D-BA58-85BD8FBCE9CA}.Release|Any CPU.Build.0 = Release|Any CPU
		{E99ECCAC-7F45-4F9C-86F2-BEEE04333B9B}.Debug|Any CPU.ActiveCfg = Debug|Any CPU
		{E99ECCAC-7F45-4F9C-86F2-BEEE04333B9B}.Debug|Any CPU.Build.0 = Debug|Any CPU
		{E99ECCAC-7F45-4F9C-86F2-BEEE04333B9B}.Release|Any CPU.ActiveCfg = Release|Any CPU
		{E99ECCAC-7F45-4F9C-86F2-BEEE04333B9B}.Release|Any CPU.Build.0 = Release|Any CPU
		{513C3E99-D8B4-43BD-8A03-614EAC5F4B81}.Debug|Any CPU.ActiveCfg = Debug|Any CPU
		{513C3E99-D8B4-43BD-8A03-614EAC5F4B81}.Debug|Any CPU.Build.0 = Debug|Any CPU
		{513C3E99-D8B4-43BD-8A03-614EAC5F4B81}.Release|Any CPU.ActiveCfg = Release|Any CPU
		{513C3E99-D8B4-43BD-8A03-614EAC5F4B81}.Release|Any CPU.Build.0 = Release|Any CPU
		{AB61EC1D-17DF-4BCE-8525-2CA70421BF8C}.Debug|Any CPU.ActiveCfg = Debug|Any CPU
		{AB61EC1D-17DF-4BCE-8525-2CA70421BF8C}.Debug|Any CPU.Build.0 = Debug|Any CPU
		{AB61EC1D-17DF-4BCE-8525-2CA70421BF8C}.Release|Any CPU.ActiveCfg = Release|Any CPU
		{AB61EC1D-17DF-4BCE-8525-2CA70421BF8C}.Release|Any CPU.Build.0 = Release|Any CPU
		{E6B54092-FF56-461C-B661-61FE7FD8757C}.Debug|Any CPU.ActiveCfg = Debug|Any CPU
		{E6B54092-FF56-461C-B661-61FE7FD8757C}.Debug|Any CPU.Build.0 = Debug|Any CPU
		{E6B54092-FF56-461C-B661-61FE7FD8757C}.Release|Any CPU.ActiveCfg = Release|Any CPU
		{E6B54092-FF56-461C-B661-61FE7FD8757C}.Release|Any CPU.Build.0 = Release|Any CPU
		{120905CC-5046-48EB-97DA-B9557094199C}.Debug|Any CPU.ActiveCfg = Debug|Any CPU
		{120905CC-5046-48EB-97DA-B9557094199C}.Debug|Any CPU.Build.0 = Debug|Any CPU
		{120905CC-5046-48EB-97DA-B9557094199C}.Release|Any CPU.ActiveCfg = Release|Any CPU
		{120905CC-5046-48EB-97DA-B9557094199C}.Release|Any CPU.Build.0 = Release|Any CPU
		{BA90B53B-C9A4-4C47-A6F3-FF16C701F50E}.Debug|Any CPU.ActiveCfg = Debug|Any CPU
		{BA90B53B-C9A4-4C47-A6F3-FF16C701F50E}.Debug|Any CPU.Build.0 = Debug|Any CPU
		{BA90B53B-C9A4-4C47-A6F3-FF16C701F50E}.Release|Any CPU.ActiveCfg = Release|Any CPU
		{BA90B53B-C9A4-4C47-A6F3-FF16C701F50E}.Release|Any CPU.Build.0 = Release|Any CPU
		{BEAC6DED-83A6-44E6-8206-DE5616D6E97D}.Debug|Any CPU.ActiveCfg = Debug|Any CPU
		{BEAC6DED-83A6-44E6-8206-DE5616D6E97D}.Debug|Any CPU.Build.0 = Debug|Any CPU
		{BEAC6DED-83A6-44E6-8206-DE5616D6E97D}.Release|Any CPU.ActiveCfg = Release|Any CPU
		{BEAC6DED-83A6-44E6-8206-DE5616D6E97D}.Release|Any CPU.Build.0 = Release|Any CPU
		{6AD0AD0F-881E-4405-ADF6-E8DD170AFBDF}.Debug|Any CPU.ActiveCfg = Debug|Any CPU
		{6AD0AD0F-881E-4405-ADF6-E8DD170AFBDF}.Debug|Any CPU.Build.0 = Debug|Any CPU
		{6AD0AD0F-881E-4405-ADF6-E8DD170AFBDF}.Release|Any CPU.ActiveCfg = Release|Any CPU
		{6AD0AD0F-881E-4405-ADF6-E8DD170AFBDF}.Release|Any CPU.Build.0 = Release|Any CPU
		{12BD385F-AEF6-4545-B0E5-27F7F9CD6819}.Debug|Any CPU.ActiveCfg = Debug|Any CPU
		{12BD385F-AEF6-4545-B0E5-27F7F9CD6819}.Debug|Any CPU.Build.0 = Debug|Any CPU
		{12BD385F-AEF6-4545-B0E5-27F7F9CD6819}.Release|Any CPU.ActiveCfg = Release|Any CPU
		{12BD385F-AEF6-4545-B0E5-27F7F9CD6819}.Release|Any CPU.Build.0 = Release|Any CPU
		{AE40D48B-9DDE-49DA-9E99-DA98236F353B}.Debug|Any CPU.ActiveCfg = Debug|Any CPU
		{AE40D48B-9DDE-49DA-9E99-DA98236F353B}.Debug|Any CPU.Build.0 = Debug|Any CPU
		{AE40D48B-9DDE-49DA-9E99-DA98236F353B}.Release|Any CPU.ActiveCfg = Release|Any CPU
		{AE40D48B-9DDE-49DA-9E99-DA98236F353B}.Release|Any CPU.Build.0 = Release|Any CPU
		{FEBB75A9-7D8F-46C2-A2F1-5BF2433A9A9B}.Debug|Any CPU.ActiveCfg = Debug|Any CPU
		{FEBB75A9-7D8F-46C2-A2F1-5BF2433A9A9B}.Debug|Any CPU.Build.0 = Debug|Any CPU
		{FEBB75A9-7D8F-46C2-A2F1-5BF2433A9A9B}.Release|Any CPU.ActiveCfg = Release|Any CPU
		{FEBB75A9-7D8F-46C2-A2F1-5BF2433A9A9B}.Release|Any CPU.Build.0 = Release|Any CPU
		{B6E7C9A2-33F6-4B83-80FD-D9805D1E33D4}.Debug|Any CPU.ActiveCfg = Debug|Any CPU
		{B6E7C9A2-33F6-4B83-80FD-D9805D1E33D4}.Debug|Any CPU.Build.0 = Debug|Any CPU
		{B6E7C9A2-33F6-4B83-80FD-D9805D1E33D4}.Release|Any CPU.ActiveCfg = Release|Any CPU
		{B6E7C9A2-33F6-4B83-80FD-D9805D1E33D4}.Release|Any CPU.Build.0 = Release|Any CPU
		{177E7A3C-7348-4EE1-9941-F81DE9ADA5B7}.Debug|Any CPU.ActiveCfg = Debug|Any CPU
		{177E7A3C-7348-4EE1-9941-F81DE9ADA5B7}.Debug|Any CPU.Build.0 = Debug|Any CPU
		{177E7A3C-7348-4EE1-9941-F81DE9ADA5B7}.Release|Any CPU.ActiveCfg = Release|Any CPU
		{177E7A3C-7348-4EE1-9941-F81DE9ADA5B7}.Release|Any CPU.Build.0 = Release|Any CPU
	EndGlobalSection
	GlobalSection(NestedProjects) = preSolution
		{E99ECCAC-7F45-4F9C-86F2-BEEE04333B9B} = {00CD3291-21D9-453B-8EE6-4E9200364EA8}
		{513C3E99-D8B4-43BD-8A03-614EAC5F4B81} = {00CD3291-21D9-453B-8EE6-4E9200364EA8}
		{E6B54092-FF56-461C-B661-61FE7FD8757C} = {00CD3291-21D9-453B-8EE6-4E9200364EA8}
		{BA90B53B-C9A4-4C47-A6F3-FF16C701F50E} = {00CD3291-21D9-453B-8EE6-4E9200364EA8}
		{BEAC6DED-83A6-44E6-8206-DE5616D6E97D} = {00CD3291-21D9-453B-8EE6-4E9200364EA8}
		{AE40D48B-9DDE-49DA-9E99-DA98236F353B} = {00CD3291-21D9-453B-8EE6-4E9200364EA8}
		{FEBB75A9-7D8F-46C2-A2F1-5BF2433A9A9B} = {560F5E8F-B86A-492A-94EE-7D137C13B2C6}
		{177E7A3C-7348-4EE1-9941-F81DE9ADA5B7} = {00CD3291-21D9-453B-8EE6-4E9200364EA8}
	EndGlobalSection
EndGlobal
